
Microsoft Visual Studio Solution File, Format Version 12.00
# Visual Studio Version 17
VisualStudioVersion = 17.14.36429.23 d17.14
MinimumVisualStudioVersion = 10.0.40219.1
Project("{FAE04EC0-301F-11D3-BF4B-00C04F79EFBC}") = "PSYCHOSSSAPI", "PSYCHOSSSAPI.csproj", "{ED9D0642-BCFF-4D6C-BCAC-291213B22CDF}"
EndProject
Global
	GlobalSection(SolutionConfigurationPlatforms) = preSolution
		Debug|Any CPU = Debug|Any CPU
		Release|Any CPU = Release|Any CPU
	EndGlobalSection
	GlobalSection(ProjectConfigurationPlatforms) = postSolution
		{ED9D0642-BCFF-4D6C-BCAC-291213B22CDF}.Debug|Any CPU.ActiveCfg = Debug|Any CPU
		{ED9D0642-BCFF-4D6C-BCAC-291213B22CDF}.Debug|Any CPU.Build.0 = Debug|Any CPU
		{ED9D0642-BCFF-4D6C-BCAC-291213B22CDF}.Release|Any CPU.ActiveCfg = Release|Any CPU
		{ED9D0642-BCFF-4D6C-BCAC-291213B22CDF}.Release|Any CPU.Build.0 = Release|Any CPU
	EndGlobalSection
	GlobalSection(SolutionProperties) = preSolution
		HideSolutionNode = FALSE
	EndGlobalSection
	GlobalSection(ExtensibilityGlobals) = postSolution
		SolutionGuid = {DC085B14-AB04-439E-BC80-69CC8CBB3C7E}
	EndGlobalSection
EndGlobal
